
Microsoft Visual Studio Solution File, Format Version 12.00
# Visual Studio Version 16
VisualStudioVersion = 16.0.30413.136
MinimumVisualStudioVersion = 10.0.40219.1
Project("{9A19103F-16F7-4668-BE54-9A1E7A4F7556}") = "DevBoost.DroneDelivery", "DevBoost.dronedelivery\DevBoost.DroneDelivery.csproj", "{43A89820-0913-41D3-B935-B564DEE66D99}"
EndProject
Project("{FAE04EC0-301F-11D3-BF4B-00C04F79EFBC}") = "DevBoost.DroneDelivery.Domain", "DebBoost.DroneDelivery.Domain\DevBoost.DroneDelivery.Domain.csproj", "{1FBD4B60-803B-4B0D-BA1E-C434DD3722BE}"
EndProject
Project("{FAE04EC0-301F-11D3-BF4B-00C04F79EFBC}") = "DevBoost.DroneDelivery.Repository", "DevBoost.DroneDelivery.Repository\DevBoost.DroneDelivery.Repository.csproj", "{F64ECCB7-F242-43AD-B44F-6FAC3E4321F5}"
EndProject
Global
	GlobalSection(SolutionConfigurationPlatforms) = preSolution
		Debug|Any CPU = Debug|Any CPU
		Release|Any CPU = Release|Any CPU
	EndGlobalSection
	GlobalSection(ProjectConfigurationPlatforms) = postSolution
		{43A89820-0913-41D3-B935-B564DEE66D99}.Debug|Any CPU.ActiveCfg = Debug|Any CPU
		{43A89820-0913-41D3-B935-B564DEE66D99}.Debug|Any CPU.Build.0 = Debug|Any CPU
		{43A89820-0913-41D3-B935-B564DEE66D99}.Release|Any CPU.ActiveCfg = Release|Any CPU
		{43A89820-0913-41D3-B935-B564DEE66D99}.Release|Any CPU.Build.0 = Release|Any CPU
		{1FBD4B60-803B-4B0D-BA1E-C434DD3722BE}.Debug|Any CPU.ActiveCfg = Debug|Any CPU
		{1FBD4B60-803B-4B0D-BA1E-C434DD3722BE}.Debug|Any CPU.Build.0 = Debug|Any CPU
		{1FBD4B60-803B-4B0D-BA1E-C434DD3722BE}.Release|Any CPU.ActiveCfg = Release|Any CPU
		{1FBD4B60-803B-4B0D-BA1E-C434DD3722BE}.Release|Any CPU.Build.0 = Release|Any CPU
		{F64ECCB7-F242-43AD-B44F-6FAC3E4321F5}.Debug|Any CPU.ActiveCfg = Debug|Any CPU
		{F64ECCB7-F242-43AD-B44F-6FAC3E4321F5}.Debug|Any CPU.Build.0 = Debug|Any CPU
		{F64ECCB7-F242-43AD-B44F-6FAC3E4321F5}.Release|Any CPU.ActiveCfg = Release|Any CPU
		{F64ECCB7-F242-43AD-B44F-6FAC3E4321F5}.Release|Any CPU.Build.0 = Release|Any CPU
	EndGlobalSection
	GlobalSection(SolutionProperties) = preSolution
		HideSolutionNode = FALSE
	EndGlobalSection
	GlobalSection(ExtensibilityGlobals) = postSolution
		SolutionGuid = {E631AD36-6ABF-4B5C-B7A1-C65703E11C4B}
	EndGlobalSection
EndGlobal
